
Microsoft Visual Studio Solution File, Format Version 12.00
# Visual Studio Version 16
VisualStudioVersion = 16.0.31702.278
MinimumVisualStudioVersion = 10.0.40219.1
Project("{FAE04EC0-301F-11D3-BF4B-00C04F79EFBC}") = "SwapiAPIExample", "SwapiAPIExample\SwapiAPIExample.csproj", "{72F986DB-6322-4750-BC03-7FF221498EB2}"
EndProject
Global
	GlobalSection(SolutionConfigurationPlatforms) = preSolution
		Debug|Any CPU = Debug|Any CPU
		Release|Any CPU = Release|Any CPU
	EndGlobalSection
	GlobalSection(ProjectConfigurationPlatforms) = postSolution
		{72F986DB-6322-4750-BC03-7FF221498EB2}.Debug|Any CPU.ActiveCfg = Debug|Any CPU
		{72F986DB-6322-4750-BC03-7FF221498EB2}.Debug|Any CPU.Build.0 = Debug|Any CPU
		{72F986DB-6322-4750-BC03-7FF221498EB2}.Release|Any CPU.ActiveCfg = Release|Any CPU
		{72F986DB-6322-4750-BC03-7FF221498EB2}.Release|Any CPU.Build.0 = Release|Any CPU
	EndGlobalSection
	GlobalSection(SolutionProperties) = preSolution
		HideSolutionNode = FALSE
	EndGlobalSection
	GlobalSection(ExtensibilityGlobals) = postSolution
		SolutionGuid = {251F9ABB-5D61-4B4A-AA85-D115336C7840}
	EndGlobalSection
EndGlobal
